
Microsoft Visual Studio Solution File, Format Version 12.00
# Visual Studio Version 17
VisualStudioVersion = 17.8.34525.116
MinimumVisualStudioVersion = 10.0.40219.1
Project("{FAE04EC0-301F-11D3-BF4B-00C04F79EFBC}") = "labtaskk2", "labtaskk2\labtaskk2.csproj", "{7337A64A-F782-496B-81F6-2F550C33AB8C}"
EndProject
Global
	GlobalSection(SolutionConfigurationPlatforms) = preSolution
		Debug|Any CPU = Debug|Any CPU
		Release|Any CPU = Release|Any CPU
	EndGlobalSection
	GlobalSection(ProjectConfigurationPlatforms) = postSolution
		{7337A64A-F782-496B-81F6-2F550C33AB8C}.Debug|Any CPU.ActiveCfg = Debug|Any CPU
		{7337A64A-F782-496B-81F6-2F550C33AB8C}.Debug|Any CPU.Build.0 = Debug|Any CPU
		{7337A64A-F782-496B-81F6-2F550C33AB8C}.Release|Any CPU.ActiveCfg = Release|Any CPU
		{7337A64A-F782-496B-81F6-2F550C33AB8C}.Release|Any CPU.Build.0 = Release|Any CPU
	EndGlobalSection
	GlobalSection(SolutionProperties) = preSolution
		HideSolutionNode = FALSE
	EndGlobalSection
	GlobalSection(ExtensibilityGlobals) = postSolution
		SolutionGuid = {AFC13907-C745-4BBB-A7D6-D4D7FCB13B07}
	EndGlobalSection
EndGlobal
